
Microsoft Visual Studio Solution File, Format Version 12.00
# Visual Studio 2013
VisualStudioVersion = 12.0.30501.0
MinimumVisualStudioVersion = 10.0.40219.1
Project("{2150E333-8FDC-42A3-9474-1A3956D46DE8}") = "Recommender", "Recommender", "{C4562AB8-9850-458F-9B19-90A06758449C}"
EndProject
Project("{D954291E-2A0B-460D-934E-DC6B0785DB48}") = "Recommender.Shared", "Recommender\Recommender.Shared\Recommender.Shared.shproj", "{67F16CFB-D1D0-4EA2-A2DE-13F6064F83AA}"
EndProject
Project("{FAE04EC0-301F-11D3-BF4B-00C04F79EFBC}") = "Recommender.Windows", "Recommender\Recommender.Windows\Recommender.Windows.csproj", "{C2E09B46-0F85-40A0-9323-D9B14E848E68}"
EndProject
Project("{FAE04EC0-301F-11D3-BF4B-00C04F79EFBC}") = "Recommender.WindowsPhone", "Recommender\Recommender.WindowsPhone\Recommender.WindowsPhone.csproj", "{95C37206-C169-4EAA-93BC-9F57F95D715A}"
EndProject
Project("{2150E333-8FDC-42A3-9474-1A3956D46DE8}") = "HttpFilters", "HttpFilters", "{550B68B9-373E-4D6C-BCC8-402D7BF40EFF}"
EndProject
Project("{8BC9CEB8-8B4A-11D0-8D11-00A0C91BC942}") = "HttpFilters.Shared", "Recommender\HttpFilters\Shared\HttpFilters.Shared.vcxitems", "{60A8C932-9A67-49B4-A4DD-EEBBAF89519F}"
EndProject
Project("{8BC9CEB8-8B4A-11D0-8D11-00A0C91BC942}") = "HttpFilters.Windows", "Recommender\HttpFilters\Windows\HttpFilters.Windows.vcxproj", "{1CF29DB6-E7C0-4CBB-9A41-7E680776D0E2}"
EndProject
Project("{8BC9CEB8-8B4A-11D0-8D11-00A0C91BC942}") = "HttpFilters.WindowsPhone", "Recommender\HttpFilters\WindowsPhone\HttpFilters.WindowsPhone.vcxproj", "{5791C38E-D942-4663-9009-289ED0235CA4}"
EndProject
Global
	GlobalSection(SharedMSBuildProjectFiles) = preSolution
		Recommender\HttpFilters\Shared\HttpFilters.Shared.vcxitems*{1cf29db6-e7c0-4cbb-9a41-7e680776d0e2}*SharedItemsImports = 4
		Recommender\Recommender.Shared\Recommender.Shared.projitems*{67f16cfb-d1d0-4ea2-a2de-13f6064f83aa}*SharedItemsImports = 13
		Recommender\HttpFilters\Shared\HttpFilters.Shared.vcxitems*{5791c38e-d942-4663-9009-289ed0235ca4}*SharedItemsImports = 4
		Recommender\Recommender.Shared\Recommender.Shared.projitems*{95c37206-c169-4eaa-93bc-9f57f95d715a}*SharedItemsImports = 4
		Recommender\Recommender.Shared\Recommender.Shared.projitems*{c2e09b46-0f85-40a0-9323-d9b14e848e68}*SharedItemsImports = 4
		Recommender\HttpFilters\Shared\HttpFilters.Shared.vcxitems*{60a8c932-9a67-49b4-a4dd-eebbaf89519f}*SharedItemsImports = 9
	EndGlobalSection
	GlobalSection(TeamFoundationVersionControl) = preSolution
		SccNumberOfProjects = 8
		SccEnterpriseProvider = {4CA58AB2-18FA-4F8D-95D4-32DDF27D184C}
		SccTeamFoundationServer = https://xuesong.visualstudio.com/defaultcollection
		SccLocalPath0 = .
		SccProjectUniqueName1 = Recommender\\Recommender.Shared\\Recommender.Shared.shproj
		SccProjectTopLevelParentUniqueName1 = Recommender.sln
		SccProjectName1 = Recommender/Recommender.Shared
		SccLocalPath1 = Recommender\\Recommender.Shared
		SccProjectUniqueName2 = Recommender\\Recommender.Windows\\Recommender.Windows.csproj
		SccProjectTopLevelParentUniqueName2 = Recommender.sln
		SccProjectName2 = Recommender/Recommender.Windows
		SccLocalPath2 = Recommender\\Recommender.Windows
		SccProjectUniqueName3 = Recommender\\Recommender.WindowsPhone\\Recommender.WindowsPhone.csproj
		SccProjectTopLevelParentUniqueName3 = Recommender.sln
		SccProjectName3 = Recommender/Recommender.WindowsPhone
		SccLocalPath3 = Recommender\\Recommender.WindowsPhone
		SccProjectUniqueName4 = Recommender\\Recommender.Shared\\Recommender.Shared.projitems
		SccProjectTopLevelParentUniqueName4 = Recommender.sln
		SccProjectName4 = Recommender/Recommender.Shared
		SccLocalPath4 = Recommender\\Recommender.Shared
		SccProjectUniqueName5 = Recommender\\HttpFilters\\Shared\\HttpFilters.Shared.vcxitems
		SccProjectTopLevelParentUniqueName5 = Recommender.sln
		SccProjectName5 = Recommender/HttpFilters/Shared
		SccLocalPath5 = Recommender\\HttpFilters\\Shared
		SccProjectUniqueName6 = Recommender\\HttpFilters\\Windows\\HttpFilters.Windows.vcxproj
		SccProjectTopLevelParentUniqueName6 = Recommender.sln
		SccProjectName6 = Recommender/HttpFilters/Windows
		SccLocalPath6 = Recommender\\HttpFilters\\Windows
		SccProjectUniqueName7 = Recommender\\HttpFilters\\WindowsPhone\\HttpFilters.WindowsPhone.vcxproj
		SccProjectTopLevelParentUniqueName7 = Recommender.sln
		SccProjectName7 = Recommender/HttpFilters/WindowsPhone
		SccLocalPath7 = Recommender\\HttpFilters\\WindowsPhone
	EndGlobalSection
	GlobalSection(SolutionConfigurationPlatforms) = preSolution
		Debug|Any CPU = Debug|Any CPU
		Debug|ARM = Debug|ARM
		Debug|Mixed Platforms = Debug|Mixed Platforms
		Debug|Win32 = Debug|Win32
		Debug|x64 = Debug|x64
		Debug|x86 = Debug|x86
		Release|Any CPU = Release|Any CPU
		Release|ARM = Release|ARM
		Release|Mixed Platforms = Release|Mixed Platforms
		Release|Win32 = Release|Win32
		Release|x64 = Release|x64
		Release|x86 = Release|x86
	EndGlobalSection
	GlobalSection(ProjectConfigurationPlatforms) = postSolution
		{C2E09B46-0F85-40A0-9323-D9B14E848E68}.Debug|Any CPU.ActiveCfg = Debug|Any CPU
		{C2E09B46-0F85-40A0-9323-D9B14E848E68}.Debug|Any CPU.Build.0 = Debug|Any CPU
		{C2E09B46-0F85-40A0-9323-D9B14E848E68}.Debug|Any CPU.Deploy.0 = Debug|Any CPU
		{C2E09B46-0F85-40A0-9323-D9B14E848E68}.Debug|ARM.ActiveCfg = Debug|ARM
		{C2E09B46-0F85-40A0-9323-D9B14E848E68}.Debug|ARM.Build.0 = Debug|ARM
		{C2E09B46-0F85-40A0-9323-D9B14E848E68}.Debug|ARM.Deploy.0 = Debug|ARM
		{C2E09B46-0F85-40A0-9323-D9B14E848E68}.Debug|Mixed Platforms.ActiveCfg = Debug|x86
		{C2E09B46-0F85-40A0-9323-D9B14E848E68}.Debug|Mixed Platforms.Build.0 = Debug|x86
		{C2E09B46-0F85-40A0-9323-D9B14E848E68}.Debug|Mixed Platforms.Deploy.0 = Debug|x86
		{C2E09B46-0F85-40A0-9323-D9B14E848E68}.Debug|Win32.ActiveCfg = Debug|x86
		{C2E09B46-0F85-40A0-9323-D9B14E848E68}.Debug|Win32.Build.0 = Debug|x86
		{C2E09B46-0F85-40A0-9323-D9B14E848E68}.Debug|Win32.Deploy.0 = Debug|x86
		{C2E09B46-0F85-40A0-9323-D9B14E848E68}.Debug|x64.ActiveCfg = Debug|x64
		{C2E09B46-0F85-40A0-9323-D9B14E848E68}.Debug|x64.Build.0 = Debug|x64
		{C2E09B46-0F85-40A0-9323-D9B14E848E68}.Debug|x64.Deploy.0 = Debug|x64
		{C2E09B46-0F85-40A0-9323-D9B14E848E68}.Debug|x86.ActiveCfg = Debug|x86
		{C2E09B46-0F85-40A0-9323-D9B14E848E68}.Debug|x86.Build.0 = Debug|x86
		{C2E09B46-0F85-40A0-9323-D9B14E848E68}.Debug|x86.Deploy.0 = Debug|x86
		{C2E09B46-0F85-40A0-9323-D9B14E848E68}.Release|Any CPU.ActiveCfg = Release|Any CPU
		{C2E09B46-0F85-40A0-9323-D9B14E848E68}.Release|Any CPU.Build.0 = Release|Any CPU
		{C2E09B46-0F85-40A0-9323-D9B14E848E68}.Release|Any CPU.Deploy.0 = Release|Any CPU
		{C2E09B46-0F85-40A0-9323-D9B14E848E68}.Release|ARM.ActiveCfg = Release|ARM
		{C2E09B46-0F85-40A0-9323-D9B14E848E68}.Release|ARM.Build.0 = Release|ARM
		{C2E09B46-0F85-40A0-9323-D9B14E848E68}.Release|ARM.Deploy.0 = Release|ARM
		{C2E09B46-0F85-40A0-9323-D9B14E848E68}.Release|Mixed Platforms.ActiveCfg = Release|x86
		{C2E09B46-0F85-40A0-9323-D9B14E848E68}.Release|Mixed Platforms.Build.0 = Release|x86
		{C2E09B46-0F85-40A0-9323-D9B14E848E68}.Release|Mixed Platforms.Deploy.0 = Release|x86
		{C2E09B46-0F85-40A0-9323-D9B14E848E68}.Release|Win32.ActiveCfg = Release|x86
		{C2E09B46-0F85-40A0-9323-D9B14E848E68}.Release|Win32.Build.0 = Release|x86
		{C2E09B46-0F85-40A0-9323-D9B14E848E68}.Release|Win32.Deploy.0 = Release|x86
		{C2E09B46-0F85-40A0-9323-D9B14E848E68}.Release|x64.ActiveCfg = Release|x64
		{C2E09B46-0F85-40A0-9323-D9B14E848E68}.Release|x64.Build.0 = Release|x64
		{C2E09B46-0F85-40A0-9323-D9B14E848E68}.Release|x64.Deploy.0 = Release|x64
		{C2E09B46-0F85-40A0-9323-D9B14E848E68}.Release|x86.ActiveCfg = Release|x86
		{C2E09B46-0F85-40A0-9323-D9B14E848E68}.Release|x86.Build.0 = Release|x86
		{C2E09B46-0F85-40A0-9323-D9B14E848E68}.Release|x86.Deploy.0 = Release|x86
		{95C37206-C169-4EAA-93BC-9F57F95D715A}.Debug|Any CPU.ActiveCfg = Debug|Any CPU
		{95C37206-C169-4EAA-93BC-9F57F95D715A}.Debug|Any CPU.Build.0 = Debug|Any CPU
		{95C37206-C169-4EAA-93BC-9F57F95D715A}.Debug|Any CPU.Deploy.0 = Debug|Any CPU
		{95C37206-C169-4EAA-93BC-9F57F95D715A}.Debug|ARM.ActiveCfg = Debug|ARM
		{95C37206-C169-4EAA-93BC-9F57F95D715A}.Debug|ARM.Build.0 = Debug|ARM
		{95C37206-C169-4EAA-93BC-9F57F95D715A}.Debug|ARM.Deploy.0 = Debug|ARM
		{95C37206-C169-4EAA-93BC-9F57F95D715A}.Debug|Mixed Platforms.ActiveCfg = Debug|x86
		{95C37206-C169-4EAA-93BC-9F57F95D715A}.Debug|Mixed Platforms.Build.0 = Debug|x86
		{95C37206-C169-4EAA-93BC-9F57F95D715A}.Debug|Mixed Platforms.Deploy.0 = Debug|x86
		{95C37206-C169-4EAA-93BC-9F57F95D715A}.Debug|Win32.ActiveCfg = Debug|x86
		{95C37206-C169-4EAA-93BC-9F57F95D715A}.Debug|Win32.Build.0 = Debug|x86
		{95C37206-C169-4EAA-93BC-9F57F95D715A}.Debug|Win32.Deploy.0 = Debug|x86
		{95C37206-C169-4EAA-93BC-9F57F95D715A}.Debug|x64.ActiveCfg = Debug|Any CPU
		{95C37206-C169-4EAA-93BC-9F57F95D715A}.Debug|x86.ActiveCfg = Debug|x86
		{95C37206-C169-4EAA-93BC-9F57F95D715A}.Debug|x86.Build.0 = Debug|x86
		{95C37206-C169-4EAA-93BC-9F57F95D715A}.Debug|x86.Deploy.0 = Debug|x86
		{95C37206-C169-4EAA-93BC-9F57F95D715A}.Release|Any CPU.ActiveCfg = Release|Any CPU
		{95C37206-C169-4EAA-93BC-9F57F95D715A}.Release|Any CPU.Build.0 = Release|Any CPU
		{95C37206-C169-4EAA-93BC-9F57F95D715A}.Release|Any CPU.Deploy.0 = Release|Any CPU
		{95C37206-C169-4EAA-93BC-9F57F95D715A}.Release|ARM.ActiveCfg = Release|ARM
		{95C37206-C169-4EAA-93BC-9F57F95D715A}.Release|ARM.Build.0 = Release|ARM
		{95C37206-C169-4EAA-93BC-9F57F95D715A}.Release|ARM.Deploy.0 = Release|ARM
		{95C37206-C169-4EAA-93BC-9F57F95D715A}.Release|Mixed Platforms.ActiveCfg = Release|x86
		{95C37206-C169-4EAA-93BC-9F57F95D715A}.Release|Mixed Platforms.Build.0 = Release|x86
		{95C37206-C169-4EAA-93BC-9F57F95D715A}.Release|Mixed Platforms.Deploy.0 = Release|x86
		{95C37206-C169-4EAA-93BC-9F57F95D715A}.Release|Win32.ActiveCfg = Release|x86
		{95C37206-C169-4EAA-93BC-9F57F95D715A}.Release|Win32.Build.0 = Release|x86
		{95C37206-C169-4EAA-93BC-9F57F95D715A}.Release|Win32.Deploy.0 = Release|x86
		{95C37206-C169-4EAA-93BC-9F57F95D715A}.Release|x64.ActiveCfg = Release|Any CPU
		{95C37206-C169-4EAA-93BC-9F57F95D715A}.Release|x86.ActiveCfg = Release|x86
		{95C37206-C169-4EAA-93BC-9F57F95D715A}.Release|x86.Build.0 = Release|x86
		{95C37206-C169-4EAA-93BC-9F57F95D715A}.Release|x86.Deploy.0 = Release|x86
		{1CF29DB6-E7C0-4CBB-9A41-7E680776D0E2}.Debug|Any CPU.ActiveCfg = Debug|Win32
		{1CF29DB6-E7C0-4CBB-9A41-7E680776D0E2}.Debug|ARM.ActiveCfg = Debug|ARM
		{1CF29DB6-E7C0-4CBB-9A41-7E680776D0E2}.Debug|ARM.Build.0 = Debug|ARM
		{1CF29DB6-E7C0-4CBB-9A41-7E680776D0E2}.Debug|Mixed Platforms.ActiveCfg = Debug|Win32
		{1CF29DB6-E7C0-4CBB-9A41-7E680776D0E2}.Debug|Mixed Platforms.Build.0 = Debug|Win32
		{1CF29DB6-E7C0-4CBB-9A41-7E680776D0E2}.Debug|Win32.ActiveCfg = Debug|Win32
		{1CF29DB6-E7C0-4CBB-9A41-7E680776D0E2}.Debug|Win32.Build.0 = Debug|Win32
		{1CF29DB6-E7C0-4CBB-9A41-7E680776D0E2}.Debug|x64.ActiveCfg = Debug|x64
		{1CF29DB6-E7C0-4CBB-9A41-7E680776D0E2}.Debug|x64.Build.0 = Debug|x64
		{1CF29DB6-E7C0-4CBB-9A41-7E680776D0E2}.Debug|x86.ActiveCfg = Debug|Win32
		{1CF29DB6-E7C0-4CBB-9A41-7E680776D0E2}.Debug|x86.Build.0 = Debug|Win32
		{1CF29DB6-E7C0-4CBB-9A41-7E680776D0E2}.Release|Any CPU.ActiveCfg = Release|Win32
		{1CF29DB6-E7C0-4CBB-9A41-7E680776D0E2}.Release|ARM.ActiveCfg = Release|ARM
		{1CF29DB6-E7C0-4CBB-9A41-7E680776D0E2}.Release|ARM.Build.0 = Release|ARM
		{1CF29DB6-E7C0-4CBB-9A41-7E680776D0E2}.Release|Mixed Platforms.ActiveCfg = Release|Win32
		{1CF29DB6-E7C0-4CBB-9A41-7E680776D0E2}.Release|Mixed Platforms.Build.0 = Release|Win32
		{1CF29DB6-E7C0-4CBB-9A41-7E680776D0E2}.Release|Win32.ActiveCfg = Release|Win32
		{1CF29DB6-E7C0-4CBB-9A41-7E680776D0E2}.Release|Win32.Build.0 = Release|Win32
		{1CF29DB6-E7C0-4CBB-9A41-7E680776D0E2}.Release|x64.ActiveCfg = Release|x64
		{1CF29DB6-E7C0-4CBB-9A41-7E680776D0E2}.Release|x64.Build.0 = Release|x64
		{1CF29DB6-E7C0-4CBB-9A41-7E680776D0E2}.Release|x86.ActiveCfg = Release|Win32
		{1CF29DB6-E7C0-4CBB-9A41-7E680776D0E2}.Release|x86.Build.0 = Release|Win32
		{5791C38E-D942-4663-9009-289ED0235CA4}.Debug|Any CPU.ActiveCfg = Debug|Win32
		{5791C38E-D942-4663-9009-289ED0235CA4}.Debug|ARM.ActiveCfg = Debug|ARM
		{5791C38E-D942-4663-9009-289ED0235CA4}.Debug|ARM.Build.0 = Debug|ARM
		{5791C38E-D942-4663-9009-289ED0235CA4}.Debug|Mixed Platforms.ActiveCfg = Debug|Win32
		{5791C38E-D942-4663-9009-289ED0235CA4}.Debug|Mixed Platforms.Build.0 = Debug|Win32
		{5791C38E-D942-4663-9009-289ED0235CA4}.Debug|Win32.ActiveCfg = Debug|Win32
		{5791C38E-D942-4663-9009-289ED0235CA4}.Debug|Win32.Build.0 = Debug|Win32
		{5791C38E-D942-4663-9009-289ED0235CA4}.Debug|x64.ActiveCfg = Debug|Win32
		{5791C38E-D942-4663-9009-289ED0235CA4}.Debug|x86.ActiveCfg = Debug|Win32
		{5791C38E-D942-4663-9009-289ED0235CA4}.Debug|x86.Build.0 = Debug|Win32
		{5791C38E-D942-4663-9009-289ED0235CA4}.Release|Any CPU.ActiveCfg = Release|Win32
		{5791C38E-D942-4663-9009-289ED0235CA4}.Release|ARM.ActiveCfg = Release|ARM
		{5791C38E-D942-4663-9009-289ED0235CA4}.Release|ARM.Build.0 = Release|ARM
		{5791C38E-D942-4663-9009-289ED0235CA4}.Release|Mixed Platforms.ActiveCfg = Release|Win32
		{5791C38E-D942-4663-9009-289ED0235CA4}.Release|Mixed Platforms.Build.0 = Release|Win32
		{5791C38E-D942-4663-9009-289ED0235CA4}.Release|Win32.ActiveCfg = Release|Win32
		{5791C38E-D942-4663-9009-289ED0235CA4}.Release|Win32.Build.0 = Release|Win32
		{5791C38E-D942-4663-9009-289ED0235CA4}.Release|x64.ActiveCfg = Release|Win32
		{5791C38E-D942-4663-9009-289ED0235CA4}.Release|x86.ActiveCfg = Release|Win32
		{5791C38E-D942-4663-9009-289ED0235CA4}.Release|x86.Build.0 = Release|Win32
	EndGlobalSection
	GlobalSection(SolutionProperties) = preSolution
		HideSolutionNode = FALSE
	EndGlobalSection
	GlobalSection(NestedProjects) = preSolution
		{67F16CFB-D1D0-4EA2-A2DE-13F6064F83AA} = {C4562AB8-9850-458F-9B19-90A06758449C}
		{C2E09B46-0F85-40A0-9323-D9B14E848E68} = {C4562AB8-9850-458F-9B19-90A06758449C}
		{95C37206-C169-4EAA-93BC-9F57F95D715A} = {C4562AB8-9850-458F-9B19-90A06758449C}
		{60A8C932-9A67-49B4-A4DD-EEBBAF89519F} = {550B68B9-373E-4D6C-BCC8-402D7BF40EFF}
		{1CF29DB6-E7C0-4CBB-9A41-7E680776D0E2} = {550B68B9-373E-4D6C-BCC8-402D7BF40EFF}
		{5791C38E-D942-4663-9009-289ED0235CA4} = {550B68B9-373E-4D6C-BCC8-402D7BF40EFF}
	EndGlobalSection
EndGlobal
